
Microsoft Visual Studio Solution File, Format Version 12.00
# Visual Studio Version 17
VisualStudioVersion = 17.9.34728.123
MinimumVisualStudioVersion = 10.0.40219.1
Project("{FAE04EC0-301F-11D3-BF4B-00C04F79EFBC}") = "CityPopulationApp", "CityPopulationApp.csproj", "{2999FCD0-620A-4C6C-A24F-4B925C7EC8D5}"
EndProject
Global
	GlobalSection(SolutionConfigurationPlatforms) = preSolution
		Debug|Any CPU = Debug|Any CPU
		Release|Any CPU = Release|Any CPU
	EndGlobalSection
	GlobalSection(ProjectConfigurationPlatforms) = postSolution
		{2999FCD0-620A-4C6C-A24F-4B925C7EC8D5}.Debug|Any CPU.ActiveCfg = Debug|Any CPU
		{2999FCD0-620A-4C6C-A24F-4B925C7EC8D5}.Debug|Any CPU.Build.0 = Debug|Any CPU
		{2999FCD0-620A-4C6C-A24F-4B925C7EC8D5}.Release|Any CPU.ActiveCfg = Release|Any CPU
		{2999FCD0-620A-4C6C-A24F-4B925C7EC8D5}.Release|Any CPU.Build.0 = Release|Any CPU
	EndGlobalSection
	GlobalSection(SolutionProperties) = preSolution
		HideSolutionNode = FALSE
	EndGlobalSection
	GlobalSection(ExtensibilityGlobals) = postSolution
		SolutionGuid = {3232C58A-3505-4918-8022-F58B6845F5C2}
	EndGlobalSection
EndGlobal
