
Microsoft Visual Studio Solution File, Format Version 12.00
# Visual Studio Version 17
VisualStudioVersion = 17.9.34728.123
MinimumVisualStudioVersion = 10.0.40219.1
Project("{FAE04EC0-301F-11D3-BF4B-00C04F79EFBC}") = "ПР15 в1", "ПР15 в1.csproj", "{28D7B44E-8813-42D7-8DDA-FEB85F72AF39}"
EndProject
Global
	GlobalSection(SolutionConfigurationPlatforms) = preSolution
		Debug|Any CPU = Debug|Any CPU
		Release|Any CPU = Release|Any CPU
	EndGlobalSection
	GlobalSection(ProjectConfigurationPlatforms) = postSolution
		{28D7B44E-8813-42D7-8DDA-FEB85F72AF39}.Debug|Any CPU.ActiveCfg = Debug|Any CPU
		{28D7B44E-8813-42D7-8DDA-FEB85F72AF39}.Debug|Any CPU.Build.0 = Debug|Any CPU
		{28D7B44E-8813-42D7-8DDA-FEB85F72AF39}.Release|Any CPU.ActiveCfg = Release|Any CPU
		{28D7B44E-8813-42D7-8DDA-FEB85F72AF39}.Release|Any CPU.Build.0 = Release|Any CPU
	EndGlobalSection
	GlobalSection(SolutionProperties) = preSolution
		HideSolutionNode = FALSE
	EndGlobalSection
	GlobalSection(ExtensibilityGlobals) = postSolution
		SolutionGuid = {D44B62E4-A495-4083-9C9E-CE6A4033E7D7}
	EndGlobalSection
EndGlobal
